
Microsoft Visual Studio Solution File, Format Version 12.00
# Visual Studio Version 17
VisualStudioVersion = 17.10.35013.160
MinimumVisualStudioVersion = 10.0.40219.1
Project("{9A19103F-16F7-4668-BE54-9A1E7A4F7556}") = "JobApplications", "JobApplications.csproj", "{7F3B4104-15BF-448E-9D79-6C66E26F71A5}"
EndProject
Project("{FAE04EC0-301F-11D3-BF4B-00C04F79EFBC}") = "JobApplication.Tests", "..\UnitTests\JobApplication.Tests.csproj", "{C0889B77-BFCA-4D86-AA82-C98DCAE97B1D}"
EndProject
Global
	GlobalSection(SolutionConfigurationPlatforms) = preSolution
		Debug|Any CPU = Debug|Any CPU
		Release|Any CPU = Release|Any CPU
	EndGlobalSection
	GlobalSection(ProjectConfigurationPlatforms) = postSolution
		{7F3B4104-15BF-448E-9D79-6C66E26F71A5}.Debug|Any CPU.ActiveCfg = Debug|Any CPU
		{7F3B4104-15BF-448E-9D79-6C66E26F71A5}.Debug|Any CPU.Build.0 = Debug|Any CPU
		{7F3B4104-15BF-448E-9D79-6C66E26F71A5}.Release|Any CPU.ActiveCfg = Release|Any CPU
		{7F3B4104-15BF-448E-9D79-6C66E26F71A5}.Release|Any CPU.Build.0 = Release|Any CPU
		{C0889B77-BFCA-4D86-AA82-C98DCAE97B1D}.Debug|Any CPU.ActiveCfg = Debug|Any CPU
		{C0889B77-BFCA-4D86-AA82-C98DCAE97B1D}.Debug|Any CPU.Build.0 = Debug|Any CPU
		{C0889B77-BFCA-4D86-AA82-C98DCAE97B1D}.Release|Any CPU.ActiveCfg = Release|Any CPU
		{C0889B77-BFCA-4D86-AA82-C98DCAE97B1D}.Release|Any CPU.Build.0 = Release|Any CPU
	EndGlobalSection
	GlobalSection(SolutionProperties) = preSolution
		HideSolutionNode = FALSE
	EndGlobalSection
	GlobalSection(ExtensibilityGlobals) = postSolution
		SolutionGuid = {886346FD-1535-4936-83DC-6844972E8051}
	EndGlobalSection
EndGlobal
